
Microsoft Visual Studio Solution File, Format Version 12.00
# Visual Studio Version 17
VisualStudioVersion = 17.9.34728.123
MinimumVisualStudioVersion = 10.0.40219.1
Project("{FAE04EC0-301F-11D3-BF4B-00C04F79EFBC}") = "FileDirOpdracht", "FileDirOpdracht.csproj", "{9844A567-46D4-45C4-8D82-5557FF3F8062}"
EndProject
Global
	GlobalSection(SolutionConfigurationPlatforms) = preSolution
		Debug|Any CPU = Debug|Any CPU
		Release|Any CPU = Release|Any CPU
	EndGlobalSection
	GlobalSection(ProjectConfigurationPlatforms) = postSolution
		{9844A567-46D4-45C4-8D82-5557FF3F8062}.Debug|Any CPU.ActiveCfg = Debug|Any CPU
		{9844A567-46D4-45C4-8D82-5557FF3F8062}.Debug|Any CPU.Build.0 = Debug|Any CPU
		{9844A567-46D4-45C4-8D82-5557FF3F8062}.Release|Any CPU.ActiveCfg = Release|Any CPU
		{9844A567-46D4-45C4-8D82-5557FF3F8062}.Release|Any CPU.Build.0 = Release|Any CPU
	EndGlobalSection
	GlobalSection(SolutionProperties) = preSolution
		HideSolutionNode = FALSE
	EndGlobalSection
	GlobalSection(ExtensibilityGlobals) = postSolution
		SolutionGuid = {29E2EDA1-C490-4FC1-A536-A587978A40CB}
	EndGlobalSection
EndGlobal
